lockfileVersion: '9.0'

settings:
  autoInstallPeers: true
  excludeLinksFromLockfile: false

importers:

  .:
    dependencies:
      '@actions/core':
        specifier: ^1.10.1
        version: 1.10.1
      '@d2api/httpclient':
        specifier: ^0.0.3
        version: 0.0.3(bungie-api-ts@5.0.0)
      '@types/adm-zip':
        specifier: ^0.5.5
        version: 0.5.5
      '@types/fs-extra':
        specifier: ^11.0.4
        version: 11.0.4
      '@types/node':
        specifier: ^20.11.7
        version: 20.11.7
      '@vercel/ncc':
        specifier: ^0.38.1
        version: 0.38.1
      adm-zip:
        specifier: ^0.5.10
        version: 0.5.10
      bungie-api-ts:
        specifier: ^5.0.0
        version: 5.0.0
      fs-extra:
        specifier: ^11.2.0
        version: 11.2.0
      typescript:
        specifier: ^5.3.3
        version: 5.3.3

packages:

  '@actions/core@1.10.1':
    resolution: {integrity: sha512-3lBR9EDAY+iYIpTnTIXmWcNbX3T2kCkAEQGIQx4NVQ0575nk2k3GRZDTPQG+vVtS2izSLmINlxXf0uLtnrTP+g==}

  '@actions/http-client@2.2.0':
    resolution: {integrity: sha512-q+epW0trjVUUHboliPb4UF9g2msf+w61b32tAkFEwL/IwP0DQWgbCMM0Hbe3e3WXSKz5VcUXbzJQgy8Hkra/Lg==}

  '@d2api/httpclient@0.0.3':
    resolution: {integrity: sha512-qkS2agJ/L2GJ3mMKFBWBi9oTPracF2HJvc6/TCBGqM0hu8r1syiG5VQfSHQ70wF2/OkRXqcolUHxN8YTg842aQ==}
    peerDependencies:
      bungie-api-ts: ^5.0.0

  '@fastify/busboy@2.1.0':
    resolution: {integrity: sha512-+KpH+QxZU7O4675t3mnkQKcZZg56u+K/Ct2K+N2AZYNVK8kyeo/bI18tI8aPm3tvNNRyTWfj6s5tnGNlcbQRsA==}
    engines: {node: '>=14'}

  '@types/adm-zip@0.5.5':
    resolution: {integrity: sha512-YCGstVMjc4LTY5uK9/obvxBya93axZOVOyf2GSUulADzmLhYE45u2nAssCs/fWBs1Ifq5Vat75JTPwd5XZoPJw==}

  '@types/fs-extra@11.0.4':
    resolution: {integrity: sha512-yTbItCNreRooED33qjunPthRcSjERP1r4MqCZc7wv0u2sUkzTFp45tgUfS5+r7FrZPdmCCNflLhVSP/o+SemsQ==}

  '@types/jsonfile@6.1.4':
    resolution: {integrity: sha512-D5qGUYwjvnNNextdU59/+fI+spnwtTFmyQP0h+PfIOSkNfpU6AOICUOkm4i0OnSk+NyjdPJrxCDro0sJsWlRpQ==}

  '@types/node@20.11.7':
    resolution: {integrity: sha512-GPmeN1C3XAyV5uybAf4cMLWT9fDWcmQhZVtMFu7OR32WjrqGG+Wnk2V1d0bmtUyE/Zy1QJ9BxyiTih9z8Oks8A==}

  '@vercel/ncc@0.38.1':
    resolution: {integrity: sha512-IBBb+iI2NLu4VQn3Vwldyi2QwaXt5+hTyh58ggAMoCGE6DJmPvwL3KPBWcJl1m9LYPChBLE980Jw+CS4Wokqxw==}
    hasBin: true

  adm-zip@0.5.10:
    resolution: {integrity: sha512-x0HvcHqVJNTPk/Bw8JbLWlWoo6Wwnsug0fnYYro1HBrjxZ3G7/AZk7Ahv8JwDe1uIcz8eBqvu86FuF1POiG7vQ==}
    engines: {node: '>=6.0'}

  bungie-api-ts@5.0.0:
    resolution: {integrity: sha512-MpEP37GmYN5klyrcpFtFezFqSK4KNmiXx7yqmCV15eJim37w7d7GpjH3jgKe3XP1uruLCmzGbf56q5pRf3ktaQ==}
    engines: {node: '>=13.2.0'}

  fs-extra@11.2.0:
    resolution: {integrity: sha512-PmDi3uwK5nFuXh7XDTlVnS17xJS7vW36is2+w3xcv8SVxiB4NyATf4ctkVY5bkSjX0Y4nbvZCq1/EjtEyr9ktw==}
    engines: {node: '>=14.14'}

  graceful-fs@4.2.11:
    resolution: {integrity: sha512-RbJ5/jmFcNNCcDV5o9eTnBLJ/HszWV0P73bc+Ff4nS/rJj+YaS6IGyiOL0VoBYX+l1Wrl3k63h/KrH+nhJ0XvQ==}

  jsonfile@6.1.0:
    resolution: {integrity: sha512-5dgndWOriYSm5cnYaJNhalLNDKOqFwyDB/rr1E9ZsGciGvKPs8R2xYGCacuf3z6K1YKDz182fd+fY3cn3pMqXQ==}

  tunnel@0.0.6:
    resolution: {integrity: sha512-1h/Lnq9yajKY2PEbBadPXj3VxsDDu844OnaAo52UVmIzIvwwtBPIuNvkjuzBlTWpfJyUbG3ez0KSBibQkj4ojg==}
    engines: {node: '>=0.6.11 <=0.7.0 || >=0.7.3'}

  typescript@5.3.3:
    resolution: {integrity: sha512-pXWcraxM0uxAS+tN0AG/BF2TyqmHO014Z070UsJ+pFvYuRSq8KH8DmWpnbXe0pEPDHXZV3FcAbJkijJ5oNEnWw==}
    engines: {node: '>=14.17'}
    hasBin: true

  undici-types@5.26.5:
    resolution: {integrity: sha512-JlCMO+ehdEIKqlFxk6IfVoAUVmgz7cU7zD/h9XZ0qzeosSHmUJVOzSQvvYSYWXkFXC+IfLKSIffhv0sVZup6pA==}

  undici@5.28.2:
    resolution: {integrity: sha512-wh1pHJHnUeQV5Xa8/kyQhO7WFa8M34l026L5P/+2TYiakvGy5Rdc8jWZVyG7ieht/0WgJLEd3kcU5gKx+6GC8w==}
    engines: {node: '>=14.0'}

  universalify@2.0.1:
    resolution: {integrity: sha512-gptHNQghINnc/vTGIk0SOFGFNXw7JVrlRUtConJRlvaw6DuX0wO5Jeko9sWrMBhh+PsYAZ7oXAiOnf/UKogyiw==}
    engines: {node: '>= 10.0.0'}

  uuid@8.3.2:
    resolution: {integrity: sha512-+NYs2QeMWy+GWFOEm9xnn6HCDp0l7QBD7ml8zLUmJ+93Q5NF0NocErnwkTkXVFNiX3/fpC6afS8Dhb/gz7R7eg==}
    hasBin: true

snapshots:

  '@actions/core@1.10.1':
    dependencies:
      '@actions/http-client': 2.2.0
      uuid: 8.3.2

  '@actions/http-client@2.2.0':
    dependencies:
      tunnel: 0.0.6
      undici: 5.28.2

  '@d2api/httpclient@0.0.3(bungie-api-ts@5.0.0)':
    dependencies:
      bungie-api-ts: 5.0.0

  '@fastify/busboy@2.1.0': {}

  '@types/adm-zip@0.5.5':
    dependencies:
      '@types/node': 20.11.7

  '@types/fs-extra@11.0.4':
    dependencies:
      '@types/jsonfile': 6.1.4
      '@types/node': 20.11.7

  '@types/jsonfile@6.1.4':
    dependencies:
      '@types/node': 20.11.7

  '@types/node@20.11.7':
    dependencies:
      undici-types: 5.26.5

  '@vercel/ncc@0.38.1': {}

  adm-zip@0.5.10: {}

  bungie-api-ts@5.0.0: {}

  fs-extra@11.2.0:
    dependencies:
      graceful-fs: 4.2.11
      jsonfile: 6.1.0
      universalify: 2.0.1

  graceful-fs@4.2.11: {}

  jsonfile@6.1.0:
    dependencies:
      universalify: 2.0.1
    optionalDependencies:
      graceful-fs: 4.2.11

  tunnel@0.0.6: {}

  typescript@5.3.3: {}

  undici-types@5.26.5: {}

  undici@5.28.2:
    dependencies:
      '@fastify/busboy': 2.1.0

  universalify@2.0.1: {}

  uuid@8.3.2: {}
